
Microsoft Visual Studio Solution File, Format Version 12.00
Project("{FAE04EC0-301F-11D3-BF4B-00C04F79EFBC}") = "RsApi", "RsApi\RsApi.csproj", "{534CB81D-4B5E-4E29-AE9B-5661FACA1F4C}"
EndProject
Global
	GlobalSection(SolutionConfigurationPlatforms) = preSolution
		Debug|Any CPU = Debug|Any CPU
		Release|Any CPU = Release|Any CPU
	EndGlobalSection
	GlobalSection(ProjectConfigurationPlatforms) = postSolution
		{534CB81D-4B5E-4E29-AE9B-5661FACA1F4C}.Debug|Any CPU.ActiveCfg = Debug|Any CPU
		{534CB81D-4B5E-4E29-AE9B-5661FACA1F4C}.Debug|Any CPU.Build.0 = Debug|Any CPU
		{534CB81D-4B5E-4E29-AE9B-5661FACA1F4C}.Release|Any CPU.ActiveCfg = Release|Any CPU
		{534CB81D-4B5E-4E29-AE9B-5661FACA1F4C}.Release|Any CPU.Build.0 = Release|Any CPU
	EndGlobalSection
EndGlobal
